
Microsoft Visual Studio Solution File, Format Version 12.00
# Visual Studio 15
VisualStudioVersion = 15.0.27130.2010
MinimumVisualStudioVersion = 10.0.40219.1
Project("{FAE04EC0-301F-11D3-BF4B-00C04F79EFBC}") = "BigNumbersMultiplier", "BigNumbersMultiplier\BigNumbersMultiplier.csproj", "{BCD8A325-92AA-4084-91A6-0648E04DBA6A}"
EndProject
Global
	GlobalSection(SolutionConfigurationPlatforms) = preSolution
		Debug|Any CPU = Debug|Any CPU
		Release|Any CPU = Release|Any CPU
	EndGlobalSection
	GlobalSection(ProjectConfigurationPlatforms) = postSolution
		{BCD8A325-92AA-4084-91A6-0648E04DBA6A}.Debug|Any CPU.ActiveCfg = Debug|Any CPU
		{BCD8A325-92AA-4084-91A6-0648E04DBA6A}.Debug|Any CPU.Build.0 = Debug|Any CPU
		{BCD8A325-92AA-4084-91A6-0648E04DBA6A}.Release|Any CPU.ActiveCfg = Release|Any CPU
		{BCD8A325-92AA-4084-91A6-0648E04DBA6A}.Release|Any CPU.Build.0 = Release|Any CPU
	EndGlobalSection
	GlobalSection(SolutionProperties) = preSolution
		HideSolutionNode = FALSE
	EndGlobalSection
	GlobalSection(ExtensibilityGlobals) = postSolution
		SolutionGuid = {CD4B093F-18E2-4AF1-83DE-E8FF53F8686B}
	EndGlobalSection
EndGlobal
